
Microsoft Visual Studio Solution File, Format Version 12.00
# Visual Studio Version 17
VisualStudioVersion = 17.9.34622.214
MinimumVisualStudioVersion = 10.0.40219.1
Project("{9A19103F-16F7-4668-BE54-9A1E7A4F7556}") = "01.CountRealNumbers", "01.CountRealNumbers\01.CountRealNumbers.csproj", "{C12A8FA8-5F71-470F-A41D-F10494CCE02F}"
EndProject
Project("{9A19103F-16F7-4668-BE54-9A1E7A4F7556}") = "02.OddOccurrences", "02.OddOccurrences\02.OddOccurrences.csproj", "{B1F2F19E-07B5-402A-8FE7-62B76F9BDD61}"
EndProject
Project("{9A19103F-16F7-4668-BE54-9A1E7A4F7556}") = "03.WordSynonyms", "03.WordSynonyms\03.WordSynonyms.csproj", "{4918C689-3E81-4DE3-9686-B2ACA3988CAF}"
EndProject
Project("{9A19103F-16F7-4668-BE54-9A1E7A4F7556}") = "04.WordFilter", "04.WordFilter\04.WordFilter.csproj", "{52E20ACD-BCC7-4A50-9C6E-6AAA1B72BBD9}"
EndProject
Project("{FAE04EC0-301F-11D3-BF4B-00C04F79EFBC}") = "02.", "02\02..csproj", "{F04DC4B3-5A04-4B5E-8D70-343C68C521DA}"
EndProject
Global
	GlobalSection(SolutionConfigurationPlatforms) = preSolution
		Debug|Any CPU = Debug|Any CPU
		Release|Any CPU = Release|Any CPU
	EndGlobalSection
	GlobalSection(ProjectConfigurationPlatforms) = postSolution
		{C12A8FA8-5F71-470F-A41D-F10494CCE02F}.Debug|Any CPU.ActiveCfg = Debug|Any CPU
		{C12A8FA8-5F71-470F-A41D-F10494CCE02F}.Debug|Any CPU.Build.0 = Debug|Any CPU
		{C12A8FA8-5F71-470F-A41D-F10494CCE02F}.Release|Any CPU.ActiveCfg = Release|Any CPU
		{C12A8FA8-5F71-470F-A41D-F10494CCE02F}.Release|Any CPU.Build.0 = Release|Any CPU
		{B1F2F19E-07B5-402A-8FE7-62B76F9BDD61}.Debug|Any CPU.ActiveCfg = Debug|Any CPU
		{B1F2F19E-07B5-402A-8FE7-62B76F9BDD61}.Debug|Any CPU.Build.0 = Debug|Any CPU
		{B1F2F19E-07B5-402A-8FE7-62B76F9BDD61}.Release|Any CPU.ActiveCfg = Release|Any CPU
		{B1F2F19E-07B5-402A-8FE7-62B76F9BDD61}.Release|Any CPU.Build.0 = Release|Any CPU
		{4918C689-3E81-4DE3-9686-B2ACA3988CAF}.Debug|Any CPU.ActiveCfg = Debug|Any CPU
		{4918C689-3E81-4DE3-9686-B2ACA3988CAF}.Debug|Any CPU.Build.0 = Debug|Any CPU
		{4918C689-3E81-4DE3-9686-B2ACA3988CAF}.Release|Any CPU.ActiveCfg = Release|Any CPU
		{4918C689-3E81-4DE3-9686-B2ACA3988CAF}.Release|Any CPU.Build.0 = Release|Any CPU
		{52E20ACD-BCC7-4A50-9C6E-6AAA1B72BBD9}.Debug|Any CPU.ActiveCfg = Debug|Any CPU
		{52E20ACD-BCC7-4A50-9C6E-6AAA1B72BBD9}.Debug|Any CPU.Build.0 = Debug|Any CPU
		{52E20ACD-BCC7-4A50-9C6E-6AAA1B72BBD9}.Release|Any CPU.ActiveCfg = Release|Any CPU
		{52E20ACD-BCC7-4A50-9C6E-6AAA1B72BBD9}.Release|Any CPU.Build.0 = Release|Any CPU
		{F04DC4B3-5A04-4B5E-8D70-343C68C521DA}.Debug|Any CPU.ActiveCfg = Debug|Any CPU
		{F04DC4B3-5A04-4B5E-8D70-343C68C521DA}.Debug|Any CPU.Build.0 = Debug|Any CPU
		{F04DC4B3-5A04-4B5E-8D70-343C68C521DA}.Release|Any CPU.ActiveCfg = Release|Any CPU
		{F04DC4B3-5A04-4B5E-8D70-343C68C521DA}.Release|Any CPU.Build.0 = Release|Any CPU
	EndGlobalSection
	GlobalSection(SolutionProperties) = preSolution
		HideSolutionNode = FALSE
	EndGlobalSection
	GlobalSection(ExtensibilityGlobals) = postSolution
		SolutionGuid = {D59B8FBC-F238-4AD7-B3BF-E70C9F8E542D}
	EndGlobalSection
EndGlobal
